{
  "name": "cpic-data",
  "version": "1.0.0",
  "lockfileVersion": 2,
  "requires": true,
  "packages": {
    "": {
      "name": "cpic-data",
      "version": "1.0.0",
      "license": "CC0-1.0",
      "dependencies": {
        "aws-sdk": "2.1110.0",
        "axios": "0.26.1",
        "commander": "9.1.0",
        "csv-generate": "4.0.4",
        "dayjs": "1.11.0",
        "lodash": "4.17.21",
        "loglevel": "1.8.0",
        "loglevel-plugin-prefix": "0.8.4",
        "papaparse": "5.3.2",
        "pg-promise": "10.11.1"
      }
    },
    "node_modules/assert-options": {
      "version": "0.7.0",
      "resolved": "https://registry.npmjs.org/assert-options/-/assert-options-0.7.0.tgz",
      "integrity": "sha512-7q9uNH/Dh8gFgpIIb9ja8PJEWA5AQy3xnBC8jtKs8K/gNVCr1K6kIvlm59HUyYgvM7oEDoLzGgPcGd9FqhtXEQ==",
      "engines": {
        "node": ">=8.0.0"
      }
    },
    "node_modules/aws-sdk": {
      "version": "2.1110.0",
      "resolved": "https://registry.npmjs.org/aws-sdk/-/aws-sdk-2.1110.0.tgz",
      "integrity": "sha512-qxHqzE2ikGNRzhajcmWIBuptML3LBwz9TMnS0jLQjXOP54fZYW6EEKy2Dy7MKjHKeo8QQy/EWtDdWfH9Fu5UIA==",
      "dependencies": {
        "buffer": "4.9.2",
        "events": "1.1.1",
        "ieee754": "1.1.13",
        "jmespath": "0.16.0",
        "querystring": "0.2.0",
        "sax": "1.2.1",
        "url": "0.10.3",
        "uuid": "3.3.2",
        "xml2js": "0.4.19"
      },
      "engines": {
        "node": ">= 10.0.0"
      }
    },
    "node_modules/axios": {
      "version": "0.26.1",
      "resolved": "https://registry.npmjs.org/axios/-/axios-0.26.1.tgz",
      "integrity": "sha512-fPwcX4EvnSHuInCMItEhAGnaSEXRBjtzh9fOtsE6E1G6p7vl7edEeZe11QHf18+6+9gR5PbKV/sGKNaD8YaMeA==",
      "dependencies": {
        "follow-redirects": "^1.14.8"
      }
    },
    "node_modules/base64-js": {
      "version": "1.5.1",
      "resolved": "https://registry.npmjs.org/base64-js/-/base64-js-1.5.1.tgz",
      "integrity": "sha512-AKpaYlHn8t4SVbOHCy+b5+KKgvR4vrsD8vbvrbiQJps7fKDTkjkDry6ji0rUJjC0kzbNePLwzxq8iypo41qeWA==",
      "funding": [
        {
          "type": "github",
          "url": "https://github.com/sponsors/feross"
        },
        {
          "type": "patreon",
          "url": "https://www.patreon.com/feross"
        },
        {
          "type": "consulting",
          "url": "https://feross.org/support"
        }
      ]
    },
    "node_modules/buffer": {
      "version": "4.9.2",
      "resolved": "https://registry.npmjs.org/buffer/-/buffer-4.9.2.tgz",
      "integrity": "sha512-xq+q3SRMOxGivLhBNaUdC64hDTQwejJ+H0T/NB1XMtTVEwNTrfFF3gAxiyW0Bu/xWEGhjVKgUcMhCrUy2+uCWg==",
      "dependencies": {
        "base64-js": "^1.0.2",
        "ieee754": "^1.1.4",
        "isarray": "^1.0.0"
      }
    },
    "node_modules/buffer-writer": {
      "version": "2.0.0",
      "resolved": "https://registry.npmjs.org/buffer-writer/-/buffer-writer-2.0.0.tgz",
      "integrity": "sha512-a7ZpuTZU1TRtnwyCNW3I5dc0wWNC3VR9S++Ewyk2HHZdrO3CQJqSpd+95Us590V6AL7JqUAH2IwZ/398PmNFgw==",
      "engines": {
        "node": ">=4"
      }
    },
    "node_modules/commander": {
      "version": "9.1.0",
      "resolved": "https://registry.npmjs.org/commander/-/commander-9.1.0.tgz",
      "integrity": "sha512-i0/MaqBtdbnJ4XQs4Pmyb+oFQl+q0lsAmokVUH92SlSw4fkeAcG3bVon+Qt7hmtF+u3Het6o4VgrcY3qAoEB6w==",
      "engines": {
        "node": "^12.20.0 || >=14"
      }
    },
    "node_modules/csv-generate": {
      "version": "4.0.4",
      "resolved": "https://registry.npmjs.org/csv-generate/-/csv-generate-4.0.4.tgz",
      "integrity": "sha512-6/0FOBbF4O+EBSAYsfOXBjIFhyPpfeeeuWEM4XJQhc/6TvDDL9AGFQNPh2SKlFx7VYERBDmZAWnITgaa+z4BJA=="
    },
    "node_modules/dayjs": {
      "version": "1.11.0",
      "resolved": "https://registry.npmjs.org/dayjs/-/dayjs-1.11.0.tgz",
      "integrity": "sha512-JLC809s6Y948/FuCZPm5IX8rRhQwOiyMb2TfVVQEixG7P8Lm/gt5S7yoQZmC8x1UehI9Pb7sksEt4xx14m+7Ug=="
    },
    "node_modules/events": {
      "version": "1.1.1",
      "resolved": "https://registry.npmjs.org/events/-/events-1.1.1.tgz",
      "integrity": "sha1-nr23Y1rQmccNzEwqH1AEKI6L2SQ=",
      "engines": {
        "node": ">=0.4.x"
      }
    },
    "node_modules/follow-redirects": {
      "version": "1.14.9",
      "resolved": "https://registry.npmjs.org/follow-redirects/-/follow-redirects-1.14.9.tgz",
      "integrity": "sha512-MQDfihBQYMcyy5dhRDJUHcw7lb2Pv/TuE6xP1vyraLukNDHKbDxDNaOE3NbCAdKQApno+GPRyo1YAp89yCjK4w==",
      "funding": [
        {
          "type": "individual",
          "url": "https://github.com/sponsors/RubenVerborgh"
        }
      ],
      "engines": {
        "node": ">=4.0"
      },
      "peerDependenciesMeta": {
        "debug": {
          "optional": true
        }
      }
    },
    "node_modules/ieee754": {
      "version": "1.1.13",
      "resolved": "https://registry.npmjs.org/ieee754/-/ieee754-1.1.13.tgz",
      "integrity": "sha512-4vf7I2LYV/HaWerSo3XmlMkp5eZ83i+/CDluXi/IGTs/O1sejBNhTtnxzmRZfvOUqj7lZjqHkeTvpgSFDlWZTg=="
    },
    "node_modules/isarray": {
      "version": "1.0.0",
      "resolved": "https://registry.npmjs.org/isarray/-/isarray-1.0.0.tgz",
      "integrity": "sha1-u5NdSFgsuhaMBoNJV6VKPgcSTxE="
    },
    "node_modules/jmespath": {
      "version": "0.16.0",
      "resolved": "https://registry.npmjs.org/jmespath/-/jmespath-0.16.0.tgz",
      "integrity": "sha512-9FzQjJ7MATs1tSpnco1K6ayiYE3figslrXA72G2HQ/n76RzvYlofyi5QM+iX4YRs/pu3yzxlVQSST23+dMDknw==",
      "engines": {
        "node": ">= 0.6.0"
      }
    },
    "node_modules/lodash": {
      "version": "4.17.21",
      "resolved": "https://registry.npmjs.org/lodash/-/lodash-4.17.21.tgz",
      "integrity": "sha512-v2kDEe57lecTulaDIuNTPy3Ry4gLGJ6Z1O3vE1krgXZNrsQ+LFTGHVxVjcXPs17LhbZVGedAJv8XZ1tvj5FvSg=="
    },
    "node_modules/loglevel": {
      "version": "1.8.0",
      "resolved": "https://registry.npmjs.org/loglevel/-/loglevel-1.8.0.tgz",
      "integrity": "sha512-G6A/nJLRgWOuuwdNuA6koovfEV1YpqqAG4pRUlFaz3jj2QNZ8M4vBqnVA+HBTmU/AMNUtlOsMmSpF6NyOjztbA==",
      "engines": {
        "node": ">= 0.6.0"
      },
      "funding": {
        "type": "tidelift",
        "url": "https://tidelift.com/funding/github/npm/loglevel"
      }
    },
    "node_modules/loglevel-plugin-prefix": {
      "version": "0.8.4",
      "resolved": "https://registry.npmjs.org/loglevel-plugin-prefix/-/loglevel-plugin-prefix-0.8.4.tgz",
      "integrity": "sha512-WpG9CcFAOjz/FtNht+QJeGpvVl/cdR6P0z6OcXSkr8wFJOsV2GRj2j10JLfjuA4aYkcKCNIEqRGCyTife9R8/g=="
    },
    "node_modules/packet-reader": {
      "version": "1.0.0",
      "resolved": "https://registry.npmjs.org/packet-reader/-/packet-reader-1.0.0.tgz",
      "integrity": "sha512-HAKu/fG3HpHFO0AA8WE8q2g+gBJaZ9MG7fcKk+IJPLTGAD6Psw4443l+9DGRbOIh3/aXr7Phy0TjilYivJo5XQ=="
    },
    "node_modules/papaparse": {
      "version": "5.3.2",
      "resolved": "https://registry.npmjs.org/papaparse/-/papaparse-5.3.2.tgz",
      "integrity": "sha512-6dNZu0Ki+gyV0eBsFKJhYr+MdQYAzFUGlBMNj3GNrmHxmz1lfRa24CjFObPXtjcetlOv5Ad299MhIK0znp3afw=="
    },
    "node_modules/pg": {
      "version": "8.7.1",
      "resolved": "https://registry.npmjs.org/pg/-/pg-8.7.1.tgz",
      "integrity": "sha512-7bdYcv7V6U3KAtWjpQJJBww0UEsWuh4yQ/EjNf2HeO/NnvKjpvhEIe/A/TleP6wtmSKnUnghs5A9jUoK6iDdkA==",
      "dependencies": {
        "buffer-writer": "2.0.0",
        "packet-reader": "1.0.0",
        "pg-connection-string": "^2.5.0",
        "pg-pool": "^3.4.1",
        "pg-protocol": "^1.5.0",
        "pg-types": "^2.1.0",
        "pgpass": "1.x"
      },
      "engines": {
        "node": ">= 8.0.0"
      },
      "peerDependencies": {
        "pg-native": ">=2.0.0"
      },
      "peerDependenciesMeta": {
        "pg-native": {
          "optional": true
        }
      }
    },
    "node_modules/pg-connection-string": {
      "version": "2.5.0",
      "resolved": "https://registry.npmjs.org/pg-connection-string/-/pg-connection-string-2.5.0.tgz",
      "integrity": "sha512-r5o/V/ORTA6TmUnyWZR9nCj1klXCO2CEKNRlVuJptZe85QuhFayC7WeMic7ndayT5IRIR0S0xFxFi2ousartlQ=="
    },
    "node_modules/pg-int8": {
      "version": "1.0.1",
      "resolved": "https://registry.npmjs.org/pg-int8/-/pg-int8-1.0.1.tgz",
      "integrity": "sha512-WCtabS6t3c8SkpDBUlb1kjOs7l66xsGdKpIPZsg4wR+B3+u9UAum2odSsF9tnvxg80h4ZxLWMy4pRjOsFIqQpw==",
      "engines": {
        "node": ">=4.0.0"
      }
    },
    "node_modules/pg-minify": {
      "version": "1.6.2",
      "resolved": "https://registry.npmjs.org/pg-minify/-/pg-minify-1.6.2.tgz",
      "integrity": "sha512-1KdmFGGTP6jplJoI8MfvRlfvMiyBivMRP7/ffh4a11RUFJ7kC2J0ZHlipoKiH/1hz+DVgceon9U2qbaHpPeyPg==",
      "engines": {
        "node": ">=8.0"
      }
    },
    "node_modules/pg-pool": {
      "version": "3.5.1",
      "resolved": "https://registry.npmjs.org/pg-pool/-/pg-pool-3.5.1.tgz",
      "integrity": "sha512-6iCR0wVrro6OOHFsyavV+i6KYL4lVNyYAB9RD18w66xSzN+d8b66HiwuP30Gp1SH5O9T82fckkzsRjlrhD0ioQ==",
      "peerDependencies": {
        "pg": ">=8.0"
      }
    },
    "node_modules/pg-promise": {
      "version": "10.11.1",
      "resolved": "https://registry.npmjs.org/pg-promise/-/pg-promise-10.11.1.tgz",
      "integrity": "sha512-HAv32WSKf2m2RqHerW5RmANn/mcXIwWXbg/gOfGQcoS0SE+8iBi3Jj4JmoR4PNzSEozo/y/npy4e6F16psOItw==",
      "dependencies": {
        "assert-options": "0.7.0",
        "pg": "8.7.1",
        "pg-minify": "1.6.2",
        "spex": "3.2.0"
      },
      "engines": {
        "node": ">=8.0"
      }
    },
    "node_modules/pg-protocol": {
      "version": "1.5.0",
      "resolved": "https://registry.npmjs.org/pg-protocol/-/pg-protocol-1.5.0.tgz",
      "integrity": "sha512-muRttij7H8TqRNu/DxrAJQITO4Ac7RmX3Klyr/9mJEOBeIpgnF8f9jAfRz5d3XwQZl5qBjF9gLsUtMPJE0vezQ=="
    },
    "node_modules/pg-types": {
      "version": "2.2.0",
      "resolved": "https://registry.npmjs.org/pg-types/-/pg-types-2.2.0.tgz",
      "integrity": "sha512-qTAAlrEsl8s4OiEQY69wDvcMIdQN6wdz5ojQiOy6YRMuynxenON0O5oCpJI6lshc6scgAY8qvJ2On/p+CXY0GA==",
      "dependencies": {
        "pg-int8": "1.0.1",
        "postgres-array": "~2.0.0",
        "postgres-bytea": "~1.0.0",
        "postgres-date": "~1.0.4",
        "postgres-interval": "^1.1.0"
      },
      "engines": {
        "node": ">=4"
      }
    },
    "node_modules/pgpass": {
      "version": "1.0.5",
      "resolved": "https://registry.npmjs.org/pgpass/-/pgpass-1.0.5.tgz",
      "integrity": "sha512-FdW9r/jQZhSeohs1Z3sI1yxFQNFvMcnmfuj4WBMUTxOrAyLMaTcE1aAMBiTlbMNaXvBCQuVi0R7hd8udDSP7ug==",
      "dependencies": {
        "split2": "^4.1.0"
      }
    },
    "node_modules/postgres-array": {
      "version": "2.0.0",
      "resolved": "https://registry.npmjs.org/postgres-array/-/postgres-array-2.0.0.tgz",
      "integrity": "sha512-VpZrUqU5A69eQyW2c5CA1jtLecCsN2U/bD6VilrFDWq5+5UIEVO7nazS3TEcHf1zuPYO/sqGvUvW62g86RXZuA==",
      "engines": {
        "node": ">=4"
      }
    },
    "node_modules/postgres-bytea": {
      "version": "1.0.0",
      "resolved": "https://registry.npmjs.org/postgres-bytea/-/postgres-bytea-1.0.0.tgz",
      "integrity": "sha1-AntTPAqokOJtFy1Hz5zOzFIazTU=",
      "engines": {
        "node": ">=0.10.0"
      }
    },
    "node_modules/postgres-date": {
      "version": "1.0.7",
      "resolved": "https://registry.npmjs.org/postgres-date/-/postgres-date-1.0.7.tgz",
      "integrity": "sha512-suDmjLVQg78nMK2UZ454hAG+OAW+HQPZ6n++TNDUX+L0+uUlLywnoxJKDou51Zm+zTCjrCl0Nq6J9C5hP9vK/Q==",
      "engines": {
        "node": ">=0.10.0"
      }
    },
    "node_modules/postgres-interval": {
      "version": "1.2.0",
      "resolved": "https://registry.npmjs.org/postgres-interval/-/postgres-interval-1.2.0.tgz",
      "integrity": "sha512-9ZhXKM/rw350N1ovuWHbGxnGh/SNJ4cnxHiM0rxE4VN41wsg8P8zWn9hv/buK00RP4WvlOyr/RBDiptyxVbkZQ==",
      "dependencies": {
        "xtend": "^4.0.0"
      },
      "engines": {
        "node": ">=0.10.0"
      }
    },
    "node_modules/punycode": {
      "version": "1.3.2",
      "resolved": "https://registry.npmjs.org/punycode/-/punycode-1.3.2.tgz",
      "integrity": "sha1-llOgNvt8HuQjQvIyXM7v6jkmxI0="
    },
    "node_modules/querystring": {
      "version": "0.2.0",
      "resolved": "https://registry.npmjs.org/querystring/-/querystring-0.2.0.tgz",
      "integrity": "sha1-sgmEkgO7Jd+CDadW50cAWHhSFiA=",
      "deprecated": "The querystring API is considered Legacy. new code should use the URLSearchParams API instead.",
      "engines": {
        "node": ">=0.4.x"
      }
    },
    "node_modules/sax": {
      "version": "1.2.1",
      "resolved": "https://registry.npmjs.org/sax/-/sax-1.2.1.tgz",
      "integrity": "sha1-e45lYZCyKOgaZq6nSEgNgozS03o="
    },
    "node_modules/spex": {
      "version": "3.2.0",
      "resolved": "https://registry.npmjs.org/spex/-/spex-3.2.0.tgz",
      "integrity": "sha512-9srjJM7NaymrpwMHvSmpDeIK5GoRMX/Tq0E8aOlDPS54dDnDUIp30DrP9SphMPEETDLzEM9+4qo+KipmbtPecg==",
      "engines": {
        "node": ">=4.5"
      }
    },
    "node_modules/split2": {
      "version": "4.1.0",
      "resolved": "https://registry.npmjs.org/split2/-/split2-4.1.0.tgz",
      "integrity": "sha512-VBiJxFkxiXRlUIeyMQi8s4hgvKCSjtknJv/LVYbrgALPwf5zSKmEwV9Lst25AkvMDnvxODugjdl6KZgwKM1WYQ==",
      "engines": {
        "node": ">= 10.x"
      }
    },
    "node_modules/url": {
      "version": "0.10.3",
      "resolved": "https://registry.npmjs.org/url/-/url-0.10.3.tgz",
      "integrity": "sha1-Ah5NnHcF8hu/N9A861h2dAJ3TGQ=",
      "dependencies": {
        "punycode": "1.3.2",
        "querystring": "0.2.0"
      }
    },
    "node_modules/uuid": {
      "version": "3.3.2",
      "resolved": "https://registry.npmjs.org/uuid/-/uuid-3.3.2.tgz",
      "integrity": "sha512-yXJmeNaw3DnnKAOKJE51sL/ZaYfWJRl1pK9dr19YFCu0ObS231AB1/LbqTKRAQ5kw8A90rA6fr4riOUpTZvQZA==",
      "deprecated": "Please upgrade  to version 7 or higher.  Older versions may use Math.random() in certain circumstances, which is known to be problematic.  See https://v8.dev/blog/math-random for details.",
      "bin": {
        "uuid": "bin/uuid"
      }
    },
    "node_modules/xml2js": {
      "version": "0.4.19",
      "resolved": "https://registry.npmjs.org/xml2js/-/xml2js-0.4.19.tgz",
      "integrity": "sha512-esZnJZJOiJR9wWKMyuvSE1y6Dq5LCuJanqhxslH2bxM6duahNZ+HMpCLhBQGZkbX6xRf8x1Y2eJlgt2q3qo49Q==",
      "dependencies": {
        "sax": ">=0.6.0",
        "xmlbuilder": "~9.0.1"
      }
    },
    "node_modules/xmlbuilder": {
      "version": "9.0.7",
      "resolved": "https://registry.npmjs.org/xmlbuilder/-/xmlbuilder-9.0.7.tgz",
      "integrity": "sha1-Ey7mPS7FVlxVfiD0wi35rKaGsQ0=",
      "engines": {
        "node": ">=4.0"
      }
    },
    "node_modules/xtend": {
      "version": "4.0.2",
      "resolved": "https://registry.npmjs.org/xtend/-/xtend-4.0.2.tgz",
      "integrity": "sha512-LKYU1iAXJXUgAXn9URjiu+MWhyUXHsvfp7mcuYm9dSUKK0/CjtrUwFAxD82/mCWbtLsGjFIad0wIsod4zrTAEQ==",
      "engines": {
        "node": ">=0.4"
      }
    }
  },
  "dependencies": {
    "assert-options": {
      "version": "0.7.0",
      "resolved": "https://registry.npmjs.org/assert-options/-/assert-options-0.7.0.tgz",
      "integrity": "sha512-7q9uNH/Dh8gFgpIIb9ja8PJEWA5AQy3xnBC8jtKs8K/gNVCr1K6kIvlm59HUyYgvM7oEDoLzGgPcGd9FqhtXEQ=="
    },
    "aws-sdk": {
      "version": "2.1110.0",
      "resolved": "https://registry.npmjs.org/aws-sdk/-/aws-sdk-2.1110.0.tgz",
      "integrity": "sha512-qxHqzE2ikGNRzhajcmWIBuptML3LBwz9TMnS0jLQjXOP54fZYW6EEKy2Dy7MKjHKeo8QQy/EWtDdWfH9Fu5UIA==",
      "requires": {
        "buffer": "4.9.2",
        "events": "1.1.1",
        "ieee754": "1.1.13",
        "jmespath": "0.16.0",
        "querystring": "0.2.0",
        "sax": "1.2.1",
        "url": "0.10.3",
        "uuid": "3.3.2",
        "xml2js": "0.4.19"
      }
    },
    "axios": {
      "version": "0.26.1",
      "resolved": "https://registry.npmjs.org/axios/-/axios-0.26.1.tgz",
      "integrity": "sha512-fPwcX4EvnSHuInCMItEhAGnaSEXRBjtzh9fOtsE6E1G6p7vl7edEeZe11QHf18+6+9gR5PbKV/sGKNaD8YaMeA==",
      "requires": {
        "follow-redirects": "^1.14.8"
      }
    },
    "base64-js": {
      "version": "1.5.1",
      "resolved": "https://registry.npmjs.org/base64-js/-/base64-js-1.5.1.tgz",
      "integrity": "sha512-AKpaYlHn8t4SVbOHCy+b5+KKgvR4vrsD8vbvrbiQJps7fKDTkjkDry6ji0rUJjC0kzbNePLwzxq8iypo41qeWA=="
    },
    "buffer": {
      "version": "4.9.2",
      "resolved": "https://registry.npmjs.org/buffer/-/buffer-4.9.2.tgz",
      "integrity": "sha512-xq+q3SRMOxGivLhBNaUdC64hDTQwejJ+H0T/NB1XMtTVEwNTrfFF3gAxiyW0Bu/xWEGhjVKgUcMhCrUy2+uCWg==",
      "requires": {
        "base64-js": "^1.0.2",
        "ieee754": "^1.1.4",
        "isarray": "^1.0.0"
      }
    },
    "buffer-writer": {
      "version": "2.0.0",
      "resolved": "https://registry.npmjs.org/buffer-writer/-/buffer-writer-2.0.0.tgz",
      "integrity": "sha512-a7ZpuTZU1TRtnwyCNW3I5dc0wWNC3VR9S++Ewyk2HHZdrO3CQJqSpd+95Us590V6AL7JqUAH2IwZ/398PmNFgw=="
    },
    "commander": {
      "version": "9.1.0",
      "resolved": "https://registry.npmjs.org/commander/-/commander-9.1.0.tgz",
      "integrity": "sha512-i0/MaqBtdbnJ4XQs4Pmyb+oFQl+q0lsAmokVUH92SlSw4fkeAcG3bVon+Qt7hmtF+u3Het6o4VgrcY3qAoEB6w=="
    },
    "csv-generate": {
      "version": "4.0.4",
      "resolved": "https://registry.npmjs.org/csv-generate/-/csv-generate-4.0.4.tgz",
      "integrity": "sha512-6/0FOBbF4O+EBSAYsfOXBjIFhyPpfeeeuWEM4XJQhc/6TvDDL9AGFQNPh2SKlFx7VYERBDmZAWnITgaa+z4BJA=="
    },
    "dayjs": {
      "version": "1.11.0",
      "resolved": "https://registry.npmjs.org/dayjs/-/dayjs-1.11.0.tgz",
      "integrity": "sha512-JLC809s6Y948/FuCZPm5IX8rRhQwOiyMb2TfVVQEixG7P8Lm/gt5S7yoQZmC8x1UehI9Pb7sksEt4xx14m+7Ug=="
    },
    "events": {
      "version": "1.1.1",
      "resolved": "https://registry.npmjs.org/events/-/events-1.1.1.tgz",
      "integrity": "sha1-nr23Y1rQmccNzEwqH1AEKI6L2SQ="
    },
    "follow-redirects": {
      "version": "1.14.9",
      "resolved": "https://registry.npmjs.org/follow-redirects/-/follow-redirects-1.14.9.tgz",
      "integrity": "sha512-MQDfihBQYMcyy5dhRDJUHcw7lb2Pv/TuE6xP1vyraLukNDHKbDxDNaOE3NbCAdKQApno+GPRyo1YAp89yCjK4w=="
    },
    "ieee754": {
      "version": "1.1.13",
      "resolved": "https://registry.npmjs.org/ieee754/-/ieee754-1.1.13.tgz",
      "integrity": "sha512-4vf7I2LYV/HaWerSo3XmlMkp5eZ83i+/CDluXi/IGTs/O1sejBNhTtnxzmRZfvOUqj7lZjqHkeTvpgSFDlWZTg=="
    },
    "isarray": {
      "version": "1.0.0",
      "resolved": "https://registry.npmjs.org/isarray/-/isarray-1.0.0.tgz",
      "integrity": "sha1-u5NdSFgsuhaMBoNJV6VKPgcSTxE="
    },
    "jmespath": {
      "version": "0.16.0",
      "resolved": "https://registry.npmjs.org/jmespath/-/jmespath-0.16.0.tgz",
      "integrity": "sha512-9FzQjJ7MATs1tSpnco1K6ayiYE3figslrXA72G2HQ/n76RzvYlofyi5QM+iX4YRs/pu3yzxlVQSST23+dMDknw=="
    },
    "lodash": {
      "version": "4.17.21",
      "resolved": "https://registry.npmjs.org/lodash/-/lodash-4.17.21.tgz",
      "integrity": "sha512-v2kDEe57lecTulaDIuNTPy3Ry4gLGJ6Z1O3vE1krgXZNrsQ+LFTGHVxVjcXPs17LhbZVGedAJv8XZ1tvj5FvSg=="
    },
    "loglevel": {
      "version": "1.8.0",
      "resolved": "https://registry.npmjs.org/loglevel/-/loglevel-1.8.0.tgz",
      "integrity": "sha512-G6A/nJLRgWOuuwdNuA6koovfEV1YpqqAG4pRUlFaz3jj2QNZ8M4vBqnVA+HBTmU/AMNUtlOsMmSpF6NyOjztbA=="
    },
    "loglevel-plugin-prefix": {
      "version": "0.8.4",
      "resolved": "https://registry.npmjs.org/loglevel-plugin-prefix/-/loglevel-plugin-prefix-0.8.4.tgz",
      "integrity": "sha512-WpG9CcFAOjz/FtNht+QJeGpvVl/cdR6P0z6OcXSkr8wFJOsV2GRj2j10JLfjuA4aYkcKCNIEqRGCyTife9R8/g=="
    },
    "packet-reader": {
      "version": "1.0.0",
      "resolved": "https://registry.npmjs.org/packet-reader/-/packet-reader-1.0.0.tgz",
      "integrity": "sha512-HAKu/fG3HpHFO0AA8WE8q2g+gBJaZ9MG7fcKk+IJPLTGAD6Psw4443l+9DGRbOIh3/aXr7Phy0TjilYivJo5XQ=="
    },
    "papaparse": {
      "version": "5.3.2",
      "resolved": "https://registry.npmjs.org/papaparse/-/papaparse-5.3.2.tgz",
      "integrity": "sha512-6dNZu0Ki+gyV0eBsFKJhYr+MdQYAzFUGlBMNj3GNrmHxmz1lfRa24CjFObPXtjcetlOv5Ad299MhIK0znp3afw=="
    },
    "pg": {
      "version": "8.7.1",
      "resolved": "https://registry.npmjs.org/pg/-/pg-8.7.1.tgz",
      "integrity": "sha512-7bdYcv7V6U3KAtWjpQJJBww0UEsWuh4yQ/EjNf2HeO/NnvKjpvhEIe/A/TleP6wtmSKnUnghs5A9jUoK6iDdkA==",
      "requires": {
        "buffer-writer": "2.0.0",
        "packet-reader": "1.0.0",
        "pg-connection-string": "^2.5.0",
        "pg-pool": "^3.4.1",
        "pg-protocol": "^1.5.0",
        "pg-types": "^2.1.0",
        "pgpass": "1.x"
      }
    },
    "pg-connection-string": {
      "version": "2.5.0",
      "resolved": "https://registry.npmjs.org/pg-connection-string/-/pg-connection-string-2.5.0.tgz",
      "integrity": "sha512-r5o/V/ORTA6TmUnyWZR9nCj1klXCO2CEKNRlVuJptZe85QuhFayC7WeMic7ndayT5IRIR0S0xFxFi2ousartlQ=="
    },
    "pg-int8": {
      "version": "1.0.1",
      "resolved": "https://registry.npmjs.org/pg-int8/-/pg-int8-1.0.1.tgz",
      "integrity": "sha512-WCtabS6t3c8SkpDBUlb1kjOs7l66xsGdKpIPZsg4wR+B3+u9UAum2odSsF9tnvxg80h4ZxLWMy4pRjOsFIqQpw=="
    },
    "pg-minify": {
      "version": "1.6.2",
      "resolved": "https://registry.npmjs.org/pg-minify/-/pg-minify-1.6.2.tgz",
      "integrity": "sha512-1KdmFGGTP6jplJoI8MfvRlfvMiyBivMRP7/ffh4a11RUFJ7kC2J0ZHlipoKiH/1hz+DVgceon9U2qbaHpPeyPg=="
    },
    "pg-pool": {
      "version": "3.5.1",
      "resolved": "https://registry.npmjs.org/pg-pool/-/pg-pool-3.5.1.tgz",
      "integrity": "sha512-6iCR0wVrro6OOHFsyavV+i6KYL4lVNyYAB9RD18w66xSzN+d8b66HiwuP30Gp1SH5O9T82fckkzsRjlrhD0ioQ==",
      "requires": {}
    },
    "pg-promise": {
      "version": "10.11.1",
      "resolved": "https://registry.npmjs.org/pg-promise/-/pg-promise-10.11.1.tgz",
      "integrity": "sha512-HAv32WSKf2m2RqHerW5RmANn/mcXIwWXbg/gOfGQcoS0SE+8iBi3Jj4JmoR4PNzSEozo/y/npy4e6F16psOItw==",
      "requires": {
        "assert-options": "0.7.0",
        "pg": "8.7.1",
        "pg-minify": "1.6.2",
        "spex": "3.2.0"
      }
    },
    "pg-protocol": {
      "version": "1.5.0",
      "resolved": "https://registry.npmjs.org/pg-protocol/-/pg-protocol-1.5.0.tgz",
      "integrity": "sha512-muRttij7H8TqRNu/DxrAJQITO4Ac7RmX3Klyr/9mJEOBeIpgnF8f9jAfRz5d3XwQZl5qBjF9gLsUtMPJE0vezQ=="
    },
    "pg-types": {
      "version": "2.2.0",
      "resolved": "https://registry.npmjs.org/pg-types/-/pg-types-2.2.0.tgz",
      "integrity": "sha512-qTAAlrEsl8s4OiEQY69wDvcMIdQN6wdz5ojQiOy6YRMuynxenON0O5oCpJI6lshc6scgAY8qvJ2On/p+CXY0GA==",
      "requires": {
        "pg-int8": "1.0.1",
        "postgres-array": "~2.0.0",
        "postgres-bytea": "~1.0.0",
        "postgres-date": "~1.0.4",
        "postgres-interval": "^1.1.0"
      }
    },
    "pgpass": {
      "version": "1.0.5",
      "resolved": "https://registry.npmjs.org/pgpass/-/pgpass-1.0.5.tgz",
      "integrity": "sha512-FdW9r/jQZhSeohs1Z3sI1yxFQNFvMcnmfuj4WBMUTxOrAyLMaTcE1aAMBiTlbMNaXvBCQuVi0R7hd8udDSP7ug==",
      "requires": {
        "split2": "^4.1.0"
      }
    },
    "postgres-array": {
      "version": "2.0.0",
      "resolved": "https://registry.npmjs.org/postgres-array/-/postgres-array-2.0.0.tgz",
      "integrity": "sha512-VpZrUqU5A69eQyW2c5CA1jtLecCsN2U/bD6VilrFDWq5+5UIEVO7nazS3TEcHf1zuPYO/sqGvUvW62g86RXZuA=="
    },
    "postgres-bytea": {
      "version": "1.0.0",
      "resolved": "https://registry.npmjs.org/postgres-bytea/-/postgres-bytea-1.0.0.tgz",
      "integrity": "sha1-AntTPAqokOJtFy1Hz5zOzFIazTU="
    },
    "postgres-date": {
      "version": "1.0.7",
      "resolved": "https://registry.npmjs.org/postgres-date/-/postgres-date-1.0.7.tgz",
      "integrity": "sha512-suDmjLVQg78nMK2UZ454hAG+OAW+HQPZ6n++TNDUX+L0+uUlLywnoxJKDou51Zm+zTCjrCl0Nq6J9C5hP9vK/Q=="
    },
    "postgres-interval": {
      "version": "1.2.0",
      "resolved": "https://registry.npmjs.org/postgres-interval/-/postgres-interval-1.2.0.tgz",
      "integrity": "sha512-9ZhXKM/rw350N1ovuWHbGxnGh/SNJ4cnxHiM0rxE4VN41wsg8P8zWn9hv/buK00RP4WvlOyr/RBDiptyxVbkZQ==",
      "requires": {
        "xtend": "^4.0.0"
      }
    },
    "punycode": {
      "version": "1.3.2",
      "resolved": "https://registry.npmjs.org/punycode/-/punycode-1.3.2.tgz",
      "integrity": "sha1-llOgNvt8HuQjQvIyXM7v6jkmxI0="
    },
    "querystring": {
      "version": "0.2.0",
      "resolved": "https://registry.npmjs.org/querystring/-/querystring-0.2.0.tgz",
      "integrity": "sha1-sgmEkgO7Jd+CDadW50cAWHhSFiA="
    },
    "sax": {
      "version": "1.2.1",
      "resolved": "https://registry.npmjs.org/sax/-/sax-1.2.1.tgz",
      "integrity": "sha1-e45lYZCyKOgaZq6nSEgNgozS03o="
    },
    "spex": {
      "version": "3.2.0",
      "resolved": "https://registry.npmjs.org/spex/-/spex-3.2.0.tgz",
      "integrity": "sha512-9srjJM7NaymrpwMHvSmpDeIK5GoRMX/Tq0E8aOlDPS54dDnDUIp30DrP9SphMPEETDLzEM9+4qo+KipmbtPecg=="
    },
    "split2": {
      "version": "4.1.0",
      "resolved": "https://registry.npmjs.org/split2/-/split2-4.1.0.tgz",
      "integrity": "sha512-VBiJxFkxiXRlUIeyMQi8s4hgvKCSjtknJv/LVYbrgALPwf5zSKmEwV9Lst25AkvMDnvxODugjdl6KZgwKM1WYQ=="
    },
    "url": {
      "version": "0.10.3",
      "resolved": "https://registry.npmjs.org/url/-/url-0.10.3.tgz",
      "integrity": "sha1-Ah5NnHcF8hu/N9A861h2dAJ3TGQ=",
      "requires": {
        "punycode": "1.3.2",
        "querystring": "0.2.0"
      }
    },
    "uuid": {
      "version": "3.3.2",
      "resolved": "https://registry.npmjs.org/uuid/-/uuid-3.3.2.tgz",
      "integrity": "sha512-yXJmeNaw3DnnKAOKJE51sL/ZaYfWJRl1pK9dr19YFCu0ObS231AB1/LbqTKRAQ5kw8A90rA6fr4riOUpTZvQZA=="
    },
    "xml2js": {
      "version": "0.4.19",
      "resolved": "https://registry.npmjs.org/xml2js/-/xml2js-0.4.19.tgz",
      "integrity": "sha512-esZnJZJOiJR9wWKMyuvSE1y6Dq5LCuJanqhxslH2bxM6duahNZ+HMpCLhBQGZkbX6xRf8x1Y2eJlgt2q3qo49Q==",
      "requires": {
        "sax": ">=0.6.0",
        "xmlbuilder": "~9.0.1"
      }
    },
    "xmlbuilder": {
      "version": "9.0.7",
      "resolved": "https://registry.npmjs.org/xmlbuilder/-/xmlbuilder-9.0.7.tgz",
      "integrity": "sha1-Ey7mPS7FVlxVfiD0wi35rKaGsQ0="
    },
    "xtend": {
      "version": "4.0.2",
      "resolved": "https://registry.npmjs.org/xtend/-/xtend-4.0.2.tgz",
      "integrity": "sha512-LKYU1iAXJXUgAXn9URjiu+MWhyUXHsvfp7mcuYm9dSUKK0/CjtrUwFAxD82/mCWbtLsGjFIad0wIsod4zrTAEQ=="
    }
  }
}
